// !$*UTF8*$!
{
	archiveVersion = 1;
	classes = {
	};
	objectVersion = 50;
	objects = {

/* Begin PBXBuildFile section */
		1028008A8A05BDD2DDA4DFF6 /* Pods_LettuceRoast.framework in Frameworks */ = {isa = PBXBuildFile; fileRef = 9187C626FFA2A220000B4741 /* Pods_LettuceRoast.framework */; };
		3F0A5DF121C750B00047E1F1 /* AppDelegate.swift in Sources */ = {isa = PBXBuildFile; fileRef = 3FD3220721C6DB82006FE13C /* AppDelegate.swift */; };
		3F0A5DF321C752E80047E1F1 /* CompDetailsVC.swift in Sources */ = {isa = PBXBuildFile; fileRef = 3F0A5DF221C752E80047E1F1 /* CompDetailsVC.swift */; };
		3F0A5DF721C78DA40047E1F1 /* RoastDetailsVC.swift in Sources */ = {isa = PBXBuildFile; fileRef = 3F0A5DF621C78DA40047E1F1 /* RoastDetailsVC.swift */; };
		3F5411F521C6ED38005BCD49 /* MenuViewCont.swift in Sources */ = {isa = PBXBuildFile; fileRef = 3F5411F421C6ED38005BCD49 /* MenuViewCont.swift */; };
		3F5411FF21C720A2005BCD49 /* CompTableVC.swift in Sources */ = {isa = PBXBuildFile; fileRef = 3F5411FE21C720A2005BCD49 /* CompTableVC.swift */; };
		3F54120221C72D96005BCD49 /* Comment.swift in Sources */ = {isa = PBXBuildFile; fileRef = 3F54120121C72D96005BCD49 /* Comment.swift */; };
		3F54120421C72DAF005BCD49 /* Comments.swift in Sources */ = {isa = PBXBuildFile; fileRef = 3F54120321C72DAF005BCD49 /* Comments.swift */; };
		3F54120621C72FC2005BCD49 /* RoastTableVC.swift in Sources */ = {isa = PBXBuildFile; fileRef = 3F54120521C72FC2005BCD49 /* RoastTableVC.swift */; };
		3F54120B21C73946005BCD49 /* test.json in Resources */ = {isa = PBXBuildFile; fileRef = 3F54120A21C73946005BCD49 /* test.json */; };
		3F5DB088221E26130021D06C /* GoogleService-Info.plist in Resources */ = {isa = PBXBuildFile; fileRef = 3F5DB087221E26130021D06C /* GoogleService-Info.plist */; };
		3FD3220D21C6DB82006FE13C /* Main.storyboard in Resources */ = {isa = PBXBuildFile; fileRef = 3FD3220B21C6DB82006FE13C /* Main.storyboard */; };
		3FD3220F21C6DB84006FE13C /* Assets.xcassets in Resources */ = {isa = PBXBuildFile; fileRef = 3FD3220E21C6DB84006FE13C /* Assets.xcassets */; };
		3FD3221221C6DB84006FE13C /* LaunchScreen.storyboard in Resources */ = {isa = PBXBuildFile; fileRef = 3FD3221021C6DB84006FE13C /* LaunchScreen.storyboard */; };
		3FD3221A21C6DBB5006FE13C /* SwiftyJSON.swift in Sources */ = {isa = PBXBuildFile; fileRef = 3FD3221921C6DBB5006FE13C /* SwiftyJSON.swift */; };
		3FD3221C21C6DC03006FE13C /* DBObj.swift in Sources */ = {isa = PBXBuildFile; fileRef = 3FD3221B21C6DC03006FE13C /* DBObj.swift */; };
		3FD3222321C6EA4B006FE13C /* classes in Resources */ = {isa = PBXBuildFile; fileRef = 3FD3222221C6EA4A006FE13C /* classes */; };
		3FD3222721C6EA9E006FE13C /* jerry.jpg in Resources */ = {isa = PBXBuildFile; fileRef = 3FD3222621C6EA9E006FE13C /* jerry.jpg */; };
/* End PBXBuildFile section */

/* Begin PBXFileReference section */
		18B2958DBF5A41EFD7360FED /* Pods-LettuceRoast.release.xcconfig */ = {isa = PBXFileReference; includeInIndex = 1; lastKnownFileType = text.xcconfig; name = "Pods-LettuceRoast.release.xcconfig"; path = "Target Support Files/Pods-LettuceRoast/Pods-LettuceRoast.release.xcconfig"; sourceTree = "<group>"; };
		3F0A5DF221C752E80047E1F1 /* CompDetailsVC.swift */ = {isa = PBXFileReference; lastKnownFileType = sourcecode.swift; name = CompDetailsVC.swift; path = LettuceRoast/classes/CompDetailsVC.swift; sourceTree = "<group>"; };
		3F0A5DF621C78DA40047E1F1 /* RoastDetailsVC.swift */ = {isa = PBXFileReference; lastKnownFileType = sourcecode.swift; name = RoastDetailsVC.swift; path = classes/RoastDetailsVC.swift; sourceTree = "<group>"; };
		3F5411F421C6ED38005BCD49 /* MenuViewCont.swift */ = {isa = PBXFileReference; lastKnownFileType = sourcecode.swift; name = MenuViewCont.swift; path = LettuceRoast/classes/MenuViewCont.swift; sourceTree = "<group>"; };
		3F5411FE21C720A2005BCD49 /* CompTableVC.swift */ = {isa = PBXFileReference; lastKnownFileType = sourcecode.swift; name = CompTableVC.swift; path = classes/CompTableVC.swift; sourceTree = "<group>"; };
		3F54120121C72D96005BCD49 /* Comment.swift */ = {isa = PBXFileReference; lastKnownFileType = sourcecode.swift; path = Comment.swift; sourceTree = "<group>"; };
		3F54120321C72DAF005BCD49 /* Comments.swift */ = {isa = PBXFileReference; lastKnownFileType = sourcecode.swift; path = Comments.swift; sourceTree = "<group>"; };
		3F54120521C72FC2005BCD49 /* RoastTableVC.swift */ = {isa = PBXFileReference; lastKnownFileType = sourcecode.swift; name = RoastTableVC.swift; path = LettuceRoast/classes/RoastTableVC.swift; sourceTree = "<group>"; };
		3F54120A21C73946005BCD49 /* test.json */ = {isa = PBXFileReference; fileEncoding = 4; lastKnownFileType = text.json; path = test.json; sourceTree = "<group>"; };
		3F5DB087221E26130021D06C /* GoogleService-Info.plist */ = {isa = PBXFileReference; fileEncoding = 4; lastKnownFileType = text.plist.xml; path = "GoogleService-Info.plist"; sourceTree = SOURCE_ROOT; };
		3FD3220421C6DB82006FE13C /* LettuceRoast.app */ = {isa = PBXFileReference; explicitFileType = wrapper.application; includeInIndex = 0; path = LettuceRoast.app; sourceTree = BUILT_PRODUCTS_DIR; };
		3FD3220721C6DB82006FE13C /* AppDelegate.swift */ = {isa = PBXFileReference; lastKnownFileType = sourcecode.swift; path = AppDelegate.swift; sourceTree = "<group>"; };
		3FD3220C21C6DB82006FE13C /* Base */ = {isa = PBXFileReference; lastKnownFileType = file.storyboard; name = Base; path = Base.lproj/Main.storyboard; sourceTree = "<group>"; };
		3FD3220E21C6DB84006FE13C /* Assets.xcassets */ = {isa = PBXFileReference; lastKnownFileType = folder.assetcatalog; path = Assets.xcassets; sourceTree = "<group>"; };
		3FD3221121C6DB84006FE13C /* Base */ = {isa = PBXFileReference; lastKnownFileType = file.storyboard; name = Base; path = Base.lproj/LaunchScreen.storyboard; sourceTree = "<group>"; };
		3FD3221321C6DB84006FE13C /* Info.plist */ = {isa = PBXFileReference; lastKnownFileType = text.plist.xml; path = Info.plist; sourceTree = "<group>"; };
		3FD3221921C6DBB5006FE13C /* SwiftyJSON.swift */ = {isa = PBXFileReference; fileEncoding = 4; lastKnownFileType = sourcecode.swift; path = SwiftyJSON.swift; sourceTree = "<group>"; };
		3FD3221B21C6DC03006FE13C /* DBObj.swift */ = {isa = PBXFileReference; lastKnownFileType = sourcecode.swift; path = DBObj.swift; sourceTree = "<group>"; };
		3FD3222221C6EA4A006FE13C /* classes */ = {isa = PBXFileReference; lastKnownFileType = folder; name = classes; path = LettuceRoast/classes; sourceTree = SOURCE_ROOT; };
		3FD3222621C6EA9E006FE13C /* jerry.jpg */ = {isa = PBXFileReference; lastKnownFileType = image.jpeg; path = jerry.jpg; sourceTree = "<group>"; };
		9187C626FFA2A220000B4741 /* Pods_LettuceRoast.framework */ = {isa = PBXFileReference; explicitFileType = wrapper.framework; includeInIndex = 0; path = Pods_LettuceRoast.framework; sourceTree = BUILT_PRODUCTS_DIR; };
		EA30484A72DCE272E5377679 /* Pods-LettuceRoast.debug.xcconfig */ = {isa = PBXFileReference; includeInIndex = 1; lastKnownFileType = text.xcconfig; name = "Pods-LettuceRoast.debug.xcconfig"; path = "Target Support Files/Pods-LettuceRoast/Pods-LettuceRoast.debug.xcconfig"; sourceTree = "<group>"; };
/* End PBXFileReference section */

/* Begin PBXFrameworksBuildPhase section */
		3FD3220121C6DB82006FE13C /* Frameworks */ = {
			isa = PBXFrameworksBuildPhase;
			buildActionMask = 2147483647;
			files = (
				1028008A8A05BDD2DDA4DFF6 /* Pods_LettuceRoast.framework in Frameworks */,
			);
			runOnlyForDeploymentPostprocessing = 0;
		};
/* End PBXFrameworksBuildPhase section */

/* Begin PBXGroup section */
		3F54120021C72D52005BCD49 /* models */ = {
			isa = PBXGroup;
			children = (
				3F54120321C72DAF005BCD49 /* Comments.swift */,
				3F54120121C72D96005BCD49 /* Comment.swift */,
			);
			path = models;
			sourceTree = "<group>";
		};
		3FD321FB21C6DB82006FE13C = {
			isa = PBXGroup;
			children = (
				3F0A5DF221C752E80047E1F1 /* CompDetailsVC.swift */,
				3F54120521C72FC2005BCD49 /* RoastTableVC.swift */,
				3F5411F421C6ED38005BCD49 /* MenuViewCont.swift */,
				3FD3220621C6DB82006FE13C /* LettuceRoast */,
				3FD3220521C6DB82006FE13C /* Products */,
				B96205ECE62F9A2D78FCC95A /* Pods */,
				65B810E1FC282153D57D5BB6 /* Frameworks */,
			);
			sourceTree = "<group>";
		};
		3FD3220521C6DB82006FE13C /* Products */ = {
			isa = PBXGroup;
			children = (
				3FD3220421C6DB82006FE13C /* LettuceRoast.app */,
			);
			name = Products;
			sourceTree = "<group>";
		};
		3FD3220621C6DB82006FE13C /* LettuceRoast */ = {
			isa = PBXGroup;
			children = (
				3F54120021C72D52005BCD49 /* models */,
				3FD3222521C6EA84006FE13C /* img */,
				3FD3222221C6EA4A006FE13C /* classes */,
				3FD3220721C6DB82006FE13C /* AppDelegate.swift */,
				3F54120A21C73946005BCD49 /* test.json */,
				3FD3221B21C6DC03006FE13C /* DBObj.swift */,
				3FD3221921C6DBB5006FE13C /* SwiftyJSON.swift */,
				3FD3220B21C6DB82006FE13C /* Main.storyboard */,
				3F0A5DF621C78DA40047E1F1 /* RoastDetailsVC.swift */,
				3F5411FE21C720A2005BCD49 /* CompTableVC.swift */,
				3FD3220E21C6DB84006FE13C /* Assets.xcassets */,
				3FD3221021C6DB84006FE13C /* LaunchScreen.storyboard */,
				3F5DB087221E26130021D06C /* GoogleService-Info.plist */,
				3FD3221321C6DB84006FE13C /* Info.plist */,
			);
			path = LettuceRoast;
			sourceTree = "<group>";
		};
		3FD3222521C6EA84006FE13C /* img */ = {
			isa = PBXGroup;
			children = (
				3FD3222621C6EA9E006FE13C /* jerry.jpg */,
			);
			path = img;
			sourceTree = "<group>";
		};
		65B810E1FC282153D57D5BB6 /* Frameworks */ = {
			isa = PBXGroup;
			children = (
				9187C626FFA2A220000B4741 /* Pods_LettuceRoast.framework */,
			);
			name = Frameworks;
			sourceTree = "<group>";
		};
		B96205ECE62F9A2D78FCC95A /* Pods */ = {
			isa = PBXGroup;
			children = (
				EA30484A72DCE272E5377679 /* Pods-LettuceRoast.debug.xcconfig */,
				18B2958DBF5A41EFD7360FED /* Pods-LettuceRoast.release.xcconfig */,
			);
			name = Pods;
			path = Pods;
			sourceTree = "<group>";
		};
/* End PBXGroup section */

/* Begin PBXNativeTarget section */
		3FD3220321C6DB82006FE13C /* LettuceRoast */ = {
			isa = PBXNativeTarget;
			buildConfigurationList = 3FD3221621C6DB84006FE13C /* Build configuration list for PBXNativeTarget "LettuceRoast" */;
			buildPhases = (
				10FFCCC435F8040FD29C4C48 /* [CP] Check Pods Manifest.lock */,
				3FD3220021C6DB82006FE13C /* Sources */,
				3FD3220121C6DB82006FE13C /* Frameworks */,
				3FD3220221C6DB82006FE13C /* Resources */,
				730F0B3A2CF812B2AD7317E2 /* [CP] Embed Pods Frameworks */,
			);
			buildRules = (
			);
			dependencies = (
			);
			name = LettuceRoast;
			productName = LettuceRoast;
			productReference = 3FD3220421C6DB82006FE13C /* LettuceRoast.app */;
			productType = "com.apple.product-type.application";
		};
/* End PBXNativeTarget section */

/* Begin PBXProject section */
		3FD321FC21C6DB82006FE13C /* Project object */ = {
			isa = PBXProject;
			attributes = {
				LastSwiftUpdateCheck = 1000;
				LastUpgradeCheck = 1000;
				ORGANIZATIONNAME = Student;
				TargetAttributes = {
					3FD3220321C6DB82006FE13C = {
						CreatedOnToolsVersion = 10.0;
					};
				};
			};
			buildConfigurationList = 3FD321FF21C6DB82006FE13C /* Build configuration list for PBXProject "LettuceRoast" */;
			compatibilityVersion = "Xcode 9.3";
			developmentRegion = en;
			hasScannedForEncodings = 0;
			knownRegions = (
				en,
				Base,
			);
			mainGroup = 3FD321FB21C6DB82006FE13C;
			productRefGroup = 3FD3220521C6DB82006FE13C /* Products */;
			projectDirPath = "";
			projectRoot = "";
			targets = (
				3FD3220321C6DB82006FE13C /* LettuceRoast */,
			);
		};
/* End PBXProject section */

/* Begin PBXResourcesBuildPhase section */
		3FD3220221C6DB82006FE13C /* Resources */ = {
			isa = PBXResourcesBuildPhase;
			buildActionMask = 2147483647;
			files = (
				3FD3221221C6DB84006FE13C /* LaunchScreen.storyboard in Resources */,
				3FD3222721C6EA9E006FE13C /* jerry.jpg in Resources */,
				3FD3220F21C6DB84006FE13C /* Assets.xcassets in Resources */,
				3FD3220D21C6DB82006FE13C /* Main.storyboard in Resources */,
				3FD3222321C6EA4B006FE13C /* classes in Resources */,
				3F54120B21C73946005BCD49 /* test.json in Resources */,
				3F5DB088221E26130021D06C /* GoogleService-Info.plist in Resources */,
			);
			runOnlyForDeploymentPostprocessing = 0;
		};
/* End PBXResourcesBuildPhase section */

/* Begin PBXShellScriptBuildPhase section */
		10FFCCC435F8040FD29C4C48 /* [CP] Check Pods Manifest.lock */ = {
			isa = PBXShellScriptBuildPhase;
			buildActionMask = 2147483647;
			files = (
			);
			inputFileListPaths = (
			);
			inputPaths = (
				"${PODS_PODFILE_DIR_PATH}/Podfile.lock",
				"${PODS_ROOT}/Manifest.lock",
			);
			name = "[CP] Check Pods Manifest.lock";
			outputFileListPaths = (
			);
			outputPaths = (
				"$(DERIVED_FILE_DIR)/Pods-LettuceRoast-checkManifestLockResult.txt",
			);
			runOnlyForDeploymentPostprocessing = 0;
			shellPath = /bin/sh;
			shellScript = "diff \"${PODS_PODFILE_DIR_PATH}/Podfile.lock\" \"${PODS_ROOT}/Manifest.lock\" > /dev/null\nif [ $? != 0 ] ; then\n    # print error to STDERR\n    echo \"error: The sandbox is not in sync with the Podfile.lock. Run 'pod install' or update your CocoaPods installation.\" >&2\n    exit 1\nfi\n# This output is used by Xcode 'outputs' to avoid re-running this script phase.\necho \"SUCCESS\" > \"${SCRIPT_OUTPUT_FILE_0}\"\n";
			showEnvVarsInLog = 0;
		};
		730F0B3A2CF812B2AD7317E2 /* [CP] Embed Pods Frameworks */ = {
			isa = PBXShellScriptBuildPhase;
			buildActionMask = 2147483647;
			files = (
			);
			inputFileListPaths = (
			);
			inputPaths = (
				"${PODS_ROOT}/Target Support Files/Pods-LettuceRoast/Pods-LettuceRoast-frameworks.sh",
				"${BUILT_PRODUCTS_DIR}/GoogleUtilities/GoogleUtilities.framework",
				"${BUILT_PRODUCTS_DIR}/leveldb-library/leveldb.framework",
				"${BUILT_PRODUCTS_DIR}/nanopb/nanopb.framework",
			);
			name = "[CP] Embed Pods Frameworks";
			outputFileListPaths = (
			);
			outputPaths = (
				"${TARGET_BUILD_DIR}/${FRAMEWORKS_FOLDER_PATH}/GoogleUtilities.framework",
				"${TARGET_BUILD_DIR}/${FRAMEWORKS_FOLDER_PATH}/leveldb.framework",
				"${TARGET_BUILD_DIR}/${FRAMEWORKS_FOLDER_PATH}/nanopb.framework",
			);
			runOnlyForDeploymentPostprocessing = 0;
			shellPath = /bin/sh;
			shellScript = "\"${PODS_ROOT}/Target Support Files/Pods-LettuceRoast/Pods-LettuceRoast-frameworks.sh\"\n";
			showEnvVarsInLog = 0;
		};
/* End PBXShellScriptBuildPhase section */

/* Begin PBXSourcesBuildPhase section */
		3FD3220021C6DB82006FE13C /* Sources */ = {
			isa = PBXSourcesBuildPhase;
			buildActionMask = 2147483647;
			files = (
				3F0A5DF121C750B00047E1F1 /* AppDelegate.swift in Sources */,
				3F0A5DF321C752E80047E1F1 /* CompDetailsVC.swift in Sources */,
				3FD3221A21C6DBB5006FE13C /* SwiftyJSON.swift in Sources */,
				3F0A5DF721C78DA40047E1F1 /* RoastDetailsVC.swift in Sources */,
				3F5411FF21C720A2005BCD49 /* CompTableVC.swift in Sources */,
				3F54120221C72D96005BCD49 /* Comment.swift in Sources */,
				3F5411F521C6ED38005BCD49 /* MenuViewCont.swift in Sources */,
				3FD3221C21C6DC03006FE13C /* DBObj.swift in Sources */,
				3F54120421C72DAF005BCD49 /* Comments.swift in Sources */,
				3F54120621C72FC2005BCD49 /* RoastTableVC.swift in Sources */,
			);
			runOnlyForDeploymentPostprocessing = 0;
		};
/* End PBXSourcesBuildPhase section */

/* Begin PBXVariantGroup section */
		3FD3220B21C6DB82006FE13C /* Main.storyboard */ = {
			isa = PBXVariantGroup;
			children = (
				3FD3220C21C6DB82006FE13C /* Base */,
			);
			name = Main.storyboard;
			sourceTree = "<group>";
		};
		3FD3221021C6DB84006FE13C /* LaunchScreen.storyboard */ = {
			isa = PBXVariantGroup;
			children = (
				3FD3221121C6DB84006FE13C /* Base */,
			);
			name = LaunchScreen.storyboard;
			sourceTree = "<group>";
		};
/* End PBXVariantGroup section */

/* Begin XCBuildConfiguration section */
		3FD3221421C6DB84006FE13C /* Debug */ = {
			isa = XCBuildConfiguration;
			buildSettings = {
				ALWAYS_SEARCH_USER_PATHS = NO;
				CLANG_ANALYZER_NONNULL = YES;
				CLANG_ANALYZER_NUMBER_OBJECT_CONVERSION = YES_AGGRESSIVE;
				CLANG_CXX_LANGUAGE_STANDARD = "gnu++14";
				CLANG_CXX_LIBRARY = "libc++";
				CLANG_ENABLE_MODULES = YES;
				CLANG_ENABLE_OBJC_ARC = YES;
				CLANG_ENABLE_OBJC_WEAK = YES;
				CLANG_WARN_BLOCK_CAPTURE_AUTORELEASING = YES;
				CLANG_WARN_BOOL_CONVERSION = YES;
				CLANG_WARN_COMMA = YES;
				CLANG_WARN_CONSTANT_CONVERSION = YES;
				CLANG_WARN_DEPRECATED_OBJC_IMPLEMENTATIONS = YES;
				CLANG_WARN_DIRECT_OBJC_ISA_USAGE = YES_ERROR;
				CLANG_WARN_DOCUMENTATION_COMMENTS = YES;
				CLANG_WARN_EMPTY_BODY = YES;
				CLANG_WARN_ENUM_CONVERSION = YES;
				CLANG_WARN_INFINITE_RECURSION = YES;
				CLANG_WARN_INT_CONVERSION = YES;
				CLANG_WARN_NON_LITERAL_NULL_CONVERSION = YES;
				CLANG_WARN_OBJC_IMPLICIT_RETAIN_SELF = YES;
				CLANG_WARN_OBJC_LITERAL_CONVERSION = YES;
				CLANG_WARN_OBJC_ROOT_CLASS = YES_ERROR;
				CLANG_WARN_RANGE_LOOP_ANALYSIS = YES;
				CLANG_WARN_STRICT_PROTOTYPES = YES;
				CLANG_WARN_SUSPICIOUS_MOVE = YES;
				CLANG_WARN_UNGUARDED_AVAILABILITY = YES_AGGRESSIVE;
				CLANG_WARN_UNREACHABLE_CODE = YES;
				CLANG_WARN__DUPLICATE_METHOD_MATCH = YES;
				CODE_SIGN_IDENTITY = "iPhone Developer";
				COPY_PHASE_STRIP = NO;
				DEBUG_INFORMATION_FORMAT = dwarf;
				ENABLE_STRICT_OBJC_MSGSEND = YES;
				ENABLE_TESTABILITY = YES;
				GCC_C_LANGUAGE_STANDARD = gnu11;
				GCC_DYNAMIC_NO_PIC = NO;
				GCC_NO_COMMON_BLOCKS = YES;
				GCC_OPTIMIZATION_LEVEL = 0;
				GCC_PREPROCESSOR_DEFINITIONS = (
					"DEBUG=1",
					"$(inherited)",
				);
				GCC_WARN_64_TO_32_BIT_CONVERSION = YES;
				GCC_WARN_ABOUT_RETURN_TYPE = YES_ERROR;
				GCC_WARN_UNDECLARED_SELECTOR = YES;
				GCC_WARN_UNINITIALIZED_AUTOS = YES_AGGRESSIVE;
				GCC_WARN_UNUSED_FUNCTION = YES;
				GCC_WARN_UNUSED_VARIABLE = YES;
				IPHONEOS_DEPLOYMENT_TARGET = 12.0;
				MTL_ENABLE_DEBUG_INFO = INCLUDE_SOURCE;
				MTL_FAST_MATH = YES;
				ONLY_ACTIVE_ARCH = YES;
				SDKROOT = iphoneos;
				SWIFT_ACTIVE_COMPILATION_CONDITIONS = DEBUG;
				SWIFT_OPTIMIZATION_LEVEL = "-Onone";
			};
			name = Debug;
		};
		3FD3221521C6DB84006FE13C /* Release */ = {
			isa = XCBuildConfiguration;
			buildSettings = {
				ALWAYS_SEARCH_USER_PATHS = NO;
				CLANG_ANALYZER_NONNULL = YES;
				CLANG_ANALYZER_NUMBER_OBJECT_CONVERSION = YES_AGGRESSIVE;
				CLANG_CXX_LANGUAGE_STANDARD = "gnu++14";
				CLANG_CXX_LIBRARY = "libc++";
				CLANG_ENABLE_MODULES = YES;
				CLANG_ENABLE_OBJC_ARC = YES;
				CLANG_ENABLE_OBJC_WEAK = YES;
				CLANG_WARN_BLOCK_CAPTURE_AUTORELEASING = YES;
				CLANG_WARN_BOOL_CONVERSION = YES;
				CLANG_WARN_COMMA = YES;
				CLANG_WARN_CONSTANT_CONVERSION = YES;
				CLANG_WARN_DEPRECATED_OBJC_IMPLEMENTATIONS = YES;
				CLANG_WARN_DIRECT_OBJC_ISA_USAGE = YES_ERROR;
				CLANG_WARN_DOCUMENTATION_COMMENTS = YES;
				CLANG_WARN_EMPTY_BODY = YES;
				CLANG_WARN_ENUM_CONVERSION = YES;
				CLANG_WARN_INFINITE_RECURSION = YES;
				CLANG_WARN_INT_CONVERSION = YES;
				CLANG_WARN_NON_LITERAL_NULL_CONVERSION = YES;
				CLANG_WARN_OBJC_IMPLICIT_RETAIN_SELF = YES;
				CLANG_WARN_OBJC_LITERAL_CONVERSION = YES;
				CLANG_WARN_OBJC_ROOT_CLASS = YES_ERROR;
				CLANG_WARN_RANGE_LOOP_ANALYSIS = YES;
				CLANG_WARN_STRICT_PROTOTYPES = YES;
				CLANG_WARN_SUSPICIOUS_MOVE = YES;
				CLANG_WARN_UNGUARDED_AVAILABILITY = YES_AGGRESSIVE;
				CLANG_WARN_UNREACHABLE_CODE = YES;
				CLANG_WARN__DUPLICATE_METHOD_MATCH = YES;
				CODE_SIGN_IDENTITY = "iPhone Developer";
				COPY_PHASE_STRIP = NO;
				DEBUG_INFORMATION_FORMAT = "dwarf-with-dsym";
				ENABLE_NS_ASSERTIONS = NO;
				ENABLE_STRICT_OBJC_MSGSEND = YES;
				GCC_C_LANGUAGE_STANDARD = gnu11;
				GCC_NO_COMMON_BLOCKS = YES;
				GCC_WARN_64_TO_32_BIT_CONVERSION = YES;
				GCC_WARN_ABOUT_RETURN_TYPE = YES_ERROR;
				GCC_WARN_UNDECLARED_SELECTOR = YES;
				GCC_WARN_UNINITIALIZED_AUTOS = YES_AGGRESSIVE;
				GCC_WARN_UNUSED_FUNCTION = YES;
				GCC_WARN_UNUSED_VARIABLE = YES;
				IPHONEOS_DEPLOYMENT_TARGET = 12.0;
				MTL_ENABLE_DEBUG_INFO = NO;
				MTL_FAST_MATH = YES;
				SDKROOT = iphoneos;
				SWIFT_COMPILATION_MODE = wholemodule;
				SWIFT_OPTIMIZATION_LEVEL = "-O";
				VALIDATE_PRODUCT = YES;
			};
			name = Release;
		};
		3FD3221721C6DB84006FE13C /* Debug */ = {
			isa = XCBuildConfiguration;
			baseConfigurationReference = EA30484A72DCE272E5377679 /* Pods-LettuceRoast.debug.xcconfig */;
			buildSettings = {
				ASSETCATALOG_COMPILER_APPICON_NAME = AppIcon;
				CODE_SIGN_STYLE = Automatic;
				INFOPLIST_FILE = LettuceRoast/Info.plist;
				LD_RUNPATH_SEARCH_PATHS = (
					"$(inherited)",
					"@executable_path/Frameworks",
				);
				PRODUCT_BUNDLE_IDENTIFIER = poopstiltskin.LettuceRoast;
				PRODUCT_NAME = "$(TARGET_NAME)";
				SWIFT_VERSION = 4.2;
				TARGETED_DEVICE_FAMILY = "1,2";
			};
			name = Debug;
		};
		3FD3221821C6DB84006FE13C /* Release */ = {
			isa = XCBuildConfiguration;
			baseConfigurationReference = 18B2958DBF5A41EFD7360FED /* Pods-LettuceRoast.release.xcconfig */;
			buildSettings = {
				ASSETCATALOG_COMPILER_APPICON_NAME = AppIcon;
				CODE_SIGN_STYLE = Automatic;
				INFOPLIST_FILE = LettuceRoast/Info.plist;
				LD_RUNPATH_SEARCH_PATHS = (
					"$(inherited)",
					"@executable_path/Frameworks",
				);
				PRODUCT_BUNDLE_IDENTIFIER = poopstiltskin.LettuceRoast;
				PRODUCT_NAME = "$(TARGET_NAME)";
				SWIFT_VERSION = 4.2;
				TARGETED_DEVICE_FAMILY = "1,2";
			};
			name = Release;
		};
/* End XCBuildConfiguration section */

/* Begin XCConfigurationList section */
		3FD321FF21C6DB82006FE13C /* Build configuration list for PBXProject "LettuceRoast" */ = {
			isa = XCConfigurationList;
			buildConfigurations = (
				3FD3221421C6DB84006FE13C /* Debug */,
				3FD3221521C6DB84006FE13C /* Release */,
			);
			defaultConfigurationIsVisible = 0;
			defaultConfigurationName = Release;
		};
		3FD3221621C6DB84006FE13C /* Build configuration list for PBXNativeTarget "LettuceRoast" */ = {
			isa = XCConfigurationList;
			buildConfigurations = (
				3FD3221721C6DB84006FE13C /* Debug */,
				3FD3221821C6DB84006FE13C /* Release */,
			);
			defaultConfigurationIsVisible = 0;
			defaultConfigurationName = Release;
		};
/* End XCConfigurationList section */
	};
	rootObject = 3FD321FC21C6DB82006FE13C /* Project object */;
}
