// !$*UTF8*$!
{
	archiveVersion = 1;
	classes = {
	};
	objectVersion = 50;
	objects = {

/* Begin PBXBuildFile section */
		3F6DE0A321C6EC2900872B72 /* MenuVC.swift in Sources */ = {isa = PBXBuildFile; fileRef = 3F6DE0A221C6EC2900872B72 /* MenuVC.swift */; };
		3FD3220821C6DB82006FE13C /* AppDelegate.swift in Sources */ = {isa = PBXBuildFile; fileRef = 3FD3220721C6DB82006FE13C /* AppDelegate.swift */; };
		3FD3220A21C6DB82006FE13C /* ViewController.swift in Sources */ = {isa = PBXBuildFile; fileRef = 3FD3220921C6DB82006FE13C /* ViewController.swift */; };
		3FD3220D21C6DB82006FE13C /* Main.storyboard in Resources */ = {isa = PBXBuildFile; fileRef = 3FD3220B21C6DB82006FE13C /* Main.storyboard */; };
		3FD3220F21C6DB84006FE13C /* Assets.xcassets in Resources */ = {isa = PBXBuildFile; fileRef = 3FD3220E21C6DB84006FE13C /* Assets.xcassets */; };
		3FD3221221C6DB84006FE13C /* LaunchScreen.storyboard in Resources */ = {isa = PBXBuildFile; fileRef = 3FD3221021C6DB84006FE13C /* LaunchScreen.storyboard */; };
		3FD3221A21C6DBB5006FE13C /* SwiftyJSON.swift in Sources */ = {isa = PBXBuildFile; fileRef = 3FD3221921C6DBB5006FE13C /* SwiftyJSON.swift */; };
		3FD3221C21C6DC03006FE13C /* DBObj.swift in Sources */ = {isa = PBXBuildFile; fileRef = 3FD3221B21C6DC03006FE13C /* DBObj.swift */; };
		3FD3222321C6EA4B006FE13C /* classes in Resources */ = {isa = PBXBuildFile; fileRef = 3FD3222221C6EA4A006FE13C /* classes */; };
		3FD3222721C6EA9E006FE13C /* jerry.jpg in Resources */ = {isa = PBXBuildFile; fileRef = 3FD3222621C6EA9E006FE13C /* jerry.jpg */; };
/* End PBXBuildFile section */

/* Begin PBXFileReference section */
		3F6DE0A221C6EC2900872B72 /* MenuVC.swift */ = {isa = PBXFileReference; lastKnownFileType = sourcecode.swift; name = MenuVC.swift; path = LettuceRoast/classes/MenuVC.swift; sourceTree = "<group>"; };
		3FD3220421C6DB82006FE13C /* LettuceRoast.app */ = {isa = PBXFileReference; explicitFileType = wrapper.application; includeInIndex = 0; path = LettuceRoast.app; sourceTree = BUILT_PRODUCTS_DIR; };
		3FD3220721C6DB82006FE13C /* AppDelegate.swift */ = {isa = PBXFileReference; lastKnownFileType = sourcecode.swift; path = AppDelegate.swift; sourceTree = "<group>"; };
		3FD3220921C6DB82006FE13C /* ViewController.swift */ = {isa = PBXFileReference; lastKnownFileType = sourcecode.swift; path = ViewController.swift; sourceTree = "<group>"; };
		3FD3220C21C6DB82006FE13C /* Base */ = {isa = PBXFileReference; lastKnownFileType = file.storyboard; name = Base; path = Base.lproj/Main.storyboard; sourceTree = "<group>"; };
		3FD3220E21C6DB84006FE13C /* Assets.xcassets */ = {isa = PBXFileReference; lastKnownFileType = folder.assetcatalog; path = Assets.xcassets; sourceTree = "<group>"; };
		3FD3221121C6DB84006FE13C /* Base */ = {isa = PBXFileReference; lastKnownFileType = file.storyboard; name = Base; path = Base.lproj/LaunchScreen.storyboard; sourceTree = "<group>"; };
		3FD3221321C6DB84006FE13C /* Info.plist */ = {isa = PBXFileReference; lastKnownFileType = text.plist.xml; path = Info.plist; sourceTree = "<group>"; };
		3FD3221921C6DBB5006FE13C /* SwiftyJSON.swift */ = {isa = PBXFileReference; fileEncoding = 4; lastKnownFileType = sourcecode.swift; path = SwiftyJSON.swift; sourceTree = "<group>"; };
		3FD3221B21C6DC03006FE13C /* DBObj.swift */ = {isa = PBXFileReference; lastKnownFileType = sourcecode.swift; path = DBObj.swift; sourceTree = "<group>"; };
		3FD3222221C6EA4A006FE13C /* classes */ = {isa = PBXFileReference; lastKnownFileType = folder; name = classes; path = LettuceRoast/classes; sourceTree = SOURCE_ROOT; };
		3FD3222621C6EA9E006FE13C /* jerry.jpg */ = {isa = PBXFileReference; lastKnownFileType = image.jpeg; path = jerry.jpg; sourceTree = "<group>"; };
/* End PBXFileReference section */

/* Begin PBXFrameworksBuildPhase section */
		3FD3220121C6DB82006FE13C /* Frameworks */ = {
			isa = PBXFrameworksBuildPhase;
			buildActionMask = 2147483647;
			files = (
			);
			runOnlyForDeploymentPostprocessing = 0;
		};
/* End PBXFrameworksBuildPhase section */

/* Begin PBXGroup section */
		3FD321FB21C6DB82006FE13C = {
			isa = PBXGroup;
			children = (
				3F6DE0A221C6EC2900872B72 /* MenuVC.swift */,
				3FD3220621C6DB82006FE13C /* LettuceRoast */,
				3FD3220521C6DB82006FE13C /* Products */,
			);
			sourceTree = "<group>";
		};
		3FD3220521C6DB82006FE13C /* Products */ = {
			isa = PBXGroup;
			children = (
				3FD3220421C6DB82006FE13C /* LettuceRoast.app */,
			);
			name = Products;
			sourceTree = "<group>";
		};
		3FD3220621C6DB82006FE13C /* LettuceRoast */ = {
			isa = PBXGroup;
			children = (
				3FD3222521C6EA84006FE13C /* img */,
				3FD3222221C6EA4A006FE13C /* classes */,
				3FD3220721C6DB82006FE13C /* AppDelegate.swift */,
				3FD3221B21C6DC03006FE13C /* DBObj.swift */,
				3FD3221921C6DBB5006FE13C /* SwiftyJSON.swift */,
				3FD3220921C6DB82006FE13C /* ViewController.swift */,
				3FD3220B21C6DB82006FE13C /* Main.storyboard */,
				3FD3220E21C6DB84006FE13C /* Assets.xcassets */,
				3FD3221021C6DB84006FE13C /* LaunchScreen.storyboard */,
				3FD3221321C6DB84006FE13C /* Info.plist */,
			);
			path = LettuceRoast;
			sourceTree = "<group>";
		};
		3FD3222521C6EA84006FE13C /* img */ = {
			isa = PBXGroup;
			children = (
				3FD3222621C6EA9E006FE13C /* jerry.jpg */,
			);
			path = img;
			sourceTree = "<group>";
		};
/* End PBXGroup section */

/* Begin PBXNativeTarget section */
		3FD3220321C6DB82006FE13C /* LettuceRoast */ = {
			isa = PBXNativeTarget;
			buildConfigurationList = 3FD3221621C6DB84006FE13C /* Build configuration list for PBXNativeTarget "LettuceRoast" */;
			buildPhases = (
				3FD3220021C6DB82006FE13C /* Sources */,
				3FD3220121C6DB82006FE13C /* Frameworks */,
				3FD3220221C6DB82006FE13C /* Resources */,
			);
			buildRules = (
			);
			dependencies = (
			);
			name = LettuceRoast;
			productName = LettuceRoast;
			productReference = 3FD3220421C6DB82006FE13C /* LettuceRoast.app */;
			productType = "com.apple.product-type.application";
		};
/* End PBXNativeTarget section */

/* Begin PBXProject section */
		3FD321FC21C6DB82006FE13C /* Project object */ = {
			isa = PBXProject;
			attributes = {
				LastSwiftUpdateCheck = 1000;
				LastUpgradeCheck = 1000;
				ORGANIZATIONNAME = Student;
				TargetAttributes = {
					3FD3220321C6DB82006FE13C = {
						CreatedOnToolsVersion = 10.0;
					};
				};
			};
			buildConfigurationList = 3FD321FF21C6DB82006FE13C /* Build configuration list for PBXProject "LettuceRoast" */;
			compatibilityVersion = "Xcode 9.3";
			developmentRegion = en;
			hasScannedForEncodings = 0;
			knownRegions = (
				en,
				Base,
			);
			mainGroup = 3FD321FB21C6DB82006FE13C;
			productRefGroup = 3FD3220521C6DB82006FE13C /* Products */;
			projectDirPath = "";
			projectRoot = "";
			targets = (
				3FD3220321C6DB82006FE13C /* LettuceRoast */,
			);
		};
/* End PBXProject section */

/* Begin PBXResourcesBuildPhase section */
		3FD3220221C6DB82006FE13C /* Resources */ = {
			isa = PBXResourcesBuildPhase;
			buildActionMask = 2147483647;
			files = (
				3FD3221221C6DB84006FE13C /* LaunchScreen.storyboard in Resources */,
				3FD3222721C6EA9E006FE13C /* jerry.jpg in Resources */,
				3FD3220F21C6DB84006FE13C /* Assets.xcassets in Resources */,
				3FD3220D21C6DB82006FE13C /* Main.storyboard in Resources */,
				3FD3222321C6EA4B006FE13C /* classes in Resources */,
			);
			runOnlyForDeploymentPostprocessing = 0;
		};
/* End PBXResourcesBuildPhase section */

/* Begin PBXSourcesBuildPhase section */
		3FD3220021C6DB82006FE13C /* Sources */ = {
			isa = PBXSourcesBuildPhase;
			buildActionMask = 2147483647;
			files = (
				3FD3220A21C6DB82006FE13C /* ViewController.swift in Sources */,
				3FD3221A21C6DBB5006FE13C /* SwiftyJSON.swift in Sources */,
				3FD3220821C6DB82006FE13C /* AppDelegate.swift in Sources */,
				3FD3221C21C6DC03006FE13C /* DBObj.swift in Sources */,
				3F6DE0A321C6EC2900872B72 /* MenuVC.swift in Sources */,
			);
			runOnlyForDeploymentPostprocessing = 0;
		};
/* End PBXSourcesBuildPhase section */

/* Begin PBXVariantGroup section */
		3FD3220B21C6DB82006FE13C /* Main.storyboard */ = {
			isa = PBXVariantGroup;
			children = (
				3FD3220C21C6DB82006FE13C /* Base */,
			);
			name = Main.storyboard;
			sourceTree = "<group>";
		};
		3FD3221021C6DB84006FE13C /* LaunchScreen.storyboard */ = {
			isa = PBXVariantGroup;
			children = (
				3FD3221121C6DB84006FE13C /* Base */,
			);
			name = LaunchScreen.storyboard;
			sourceTree = "<group>";
		};
/* End PBXVariantGroup section */

/* Begin XCBuildConfiguration section */
		3FD3221421C6DB84006FE13C /* Debug */ = {
			isa = XCBuildConfiguration;
			buildSettings = {
				ALWAYS_SEARCH_USER_PATHS = NO;
				CLANG_ANALYZER_NONNULL = YES;
				CLANG_ANALYZER_NUMBER_OBJECT_CONVERSION = YES_AGGRESSIVE;
				CLANG_CXX_LANGUAGE_STANDARD = "gnu++14";
				CLANG_CXX_LIBRARY = "libc++";
				CLANG_ENABLE_MODULES = YES;
				CLANG_ENABLE_OBJC_ARC = YES;
				CLANG_ENABLE_OBJC_WEAK = YES;
				CLANG_WARN_BLOCK_CAPTURE_AUTORELEASING = YES;
				CLANG_WARN_BOOL_CONVERSION = YES;
				CLANG_WARN_COMMA = YES;
				CLANG_WARN_CONSTANT_CONVERSION = YES;
				CLANG_WARN_DEPRECATED_OBJC_IMPLEMENTATIONS = YES;
				CLANG_WARN_DIRECT_OBJC_ISA_USAGE = YES_ERROR;
				CLANG_WARN_DOCUMENTATION_COMMENTS = YES;
				CLANG_WARN_EMPTY_BODY = YES;
				CLANG_WARN_ENUM_CONVERSION = YES;
				CLANG_WARN_INFINITE_RECURSION = YES;
				CLANG_WARN_INT_CONVERSION = YES;
				CLANG_WARN_NON_LITERAL_NULL_CONVERSION = YES;
				CLANG_WARN_OBJC_IMPLICIT_RETAIN_SELF = YES;
				CLANG_WARN_OBJC_LITERAL_CONVERSION = YES;
				CLANG_WARN_OBJC_ROOT_CLASS = YES_ERROR;
				CLANG_WARN_RANGE_LOOP_ANALYSIS = YES;
				CLANG_WARN_STRICT_PROTOTYPES = YES;
				CLANG_WARN_SUSPICIOUS_MOVE = YES;
				CLANG_WARN_UNGUARDED_AVAILABILITY = YES_AGGRESSIVE;
				CLANG_WARN_UNREACHABLE_CODE = YES;
				CLANG_WARN__DUPLICATE_METHOD_MATCH = YES;
				CODE_SIGN_IDENTITY = "iPhone Developer";
				COPY_PHASE_STRIP = NO;
				DEBUG_INFORMATION_FORMAT = dwarf;
				ENABLE_STRICT_OBJC_MSGSEND = YES;
				ENABLE_TESTABILITY = YES;
				GCC_C_LANGUAGE_STANDARD = gnu11;
				GCC_DYNAMIC_NO_PIC = NO;
				GCC_NO_COMMON_BLOCKS = YES;
				GCC_OPTIMIZATION_LEVEL = 0;
				GCC_PREPROCESSOR_DEFINITIONS = (
					"DEBUG=1",
					"$(inherited)",
				);
				GCC_WARN_64_TO_32_BIT_CONVERSION = YES;
				GCC_WARN_ABOUT_RETURN_TYPE = YES_ERROR;
				GCC_WARN_UNDECLARED_SELECTOR = YES;
				GCC_WARN_UNINITIALIZED_AUTOS = YES_AGGRESSIVE;
				GCC_WARN_UNUSED_FUNCTION = YES;
				GCC_WARN_UNUSED_VARIABLE = YES;
				IPHONEOS_DEPLOYMENT_TARGET = 12.0;
				MTL_ENABLE_DEBUG_INFO = INCLUDE_SOURCE;
				MTL_FAST_MATH = YES;
				ONLY_ACTIVE_ARCH = YES;
				SDKROOT = iphoneos;
				SWIFT_ACTIVE_COMPILATION_CONDITIONS = DEBUG;
				SWIFT_OPTIMIZATION_LEVEL = "-Onone";
			};
			name = Debug;
		};
		3FD3221521C6DB84006FE13C /* Release */ = {
			isa = XCBuildConfiguration;
			buildSettings = {
				ALWAYS_SEARCH_USER_PATHS = NO;
				CLANG_ANALYZER_NONNULL = YES;
				CLANG_ANALYZER_NUMBER_OBJECT_CONVERSION = YES_AGGRESSIVE;
				CLANG_CXX_LANGUAGE_STANDARD = "gnu++14";
				CLANG_CXX_LIBRARY = "libc++";
				CLANG_ENABLE_MODULES = YES;
				CLANG_ENABLE_OBJC_ARC = YES;
				CLANG_ENABLE_OBJC_WEAK = YES;
				CLANG_WARN_BLOCK_CAPTURE_AUTORELEASING = YES;
				CLANG_WARN_BOOL_CONVERSION = YES;
				CLANG_WARN_COMMA = YES;
				CLANG_WARN_CONSTANT_CONVERSION = YES;
				CLANG_WARN_DEPRECATED_OBJC_IMPLEMENTATIONS = YES;
				CLANG_WARN_DIRECT_OBJC_ISA_USAGE = YES_ERROR;
				CLANG_WARN_DOCUMENTATION_COMMENTS = YES;
				CLANG_WARN_EMPTY_BODY = YES;
				CLANG_WARN_ENUM_CONVERSION = YES;
				CLANG_WARN_INFINITE_RECURSION = YES;
				CLANG_WARN_INT_CONVERSION = YES;
				CLANG_WARN_NON_LITERAL_NULL_CONVERSION = YES;
				CLANG_WARN_OBJC_IMPLICIT_RETAIN_SELF = YES;
				CLANG_WARN_OBJC_LITERAL_CONVERSION = YES;
				CLANG_WARN_OBJC_ROOT_CLASS = YES_ERROR;
				CLANG_WARN_RANGE_LOOP_ANALYSIS = YES;
				CLANG_WARN_STRICT_PROTOTYPES = YES;
				CLANG_WARN_SUSPICIOUS_MOVE = YES;
				CLANG_WARN_UNGUARDED_AVAILABILITY = YES_AGGRESSIVE;
				CLANG_WARN_UNREACHABLE_CODE = YES;
				CLANG_WARN__DUPLICATE_METHOD_MATCH = YES;
				CODE_SIGN_IDENTITY = "iPhone Developer";
				COPY_PHASE_STRIP = NO;
				DEBUG_INFORMATION_FORMAT = "dwarf-with-dsym";
				ENABLE_NS_ASSERTIONS = NO;
				ENABLE_STRICT_OBJC_MSGSEND = YES;
				GCC_C_LANGUAGE_STANDARD = gnu11;
				GCC_NO_COMMON_BLOCKS = YES;
				GCC_WARN_64_TO_32_BIT_CONVERSION = YES;
				GCC_WARN_ABOUT_RETURN_TYPE = YES_ERROR;
				GCC_WARN_UNDECLARED_SELECTOR = YES;
				GCC_WARN_UNINITIALIZED_AUTOS = YES_AGGRESSIVE;
				GCC_WARN_UNUSED_FUNCTION = YES;
				GCC_WARN_UNUSED_VARIABLE = YES;
				IPHONEOS_DEPLOYMENT_TARGET = 12.0;
				MTL_ENABLE_DEBUG_INFO = NO;
				MTL_FAST_MATH = YES;
				SDKROOT = iphoneos;
				SWIFT_COMPILATION_MODE = wholemodule;
				SWIFT_OPTIMIZATION_LEVEL = "-O";
				VALIDATE_PRODUCT = YES;
			};
			name = Release;
		};
		3FD3221721C6DB84006FE13C /* Debug */ = {
			isa = XCBuildConfiguration;
			buildSettings = {
				ASSETCATALOG_COMPILER_APPICON_NAME = AppIcon;
				CODE_SIGN_STYLE = Automatic;
				INFOPLIST_FILE = LettuceRoast/Info.plist;
				LD_RUNPATH_SEARCH_PATHS = (
					"$(inherited)",
					"@executable_path/Frameworks",
				);
				PRODUCT_BUNDLE_IDENTIFIER = poopstiltskin.LettuceRoast;
				PRODUCT_NAME = "$(TARGET_NAME)";
				SWIFT_VERSION = 4.2;
				TARGETED_DEVICE_FAMILY = "1,2";
			};
			name = Debug;
		};
		3FD3221821C6DB84006FE13C /* Release */ = {
			isa = XCBuildConfiguration;
			buildSettings = {
				ASSETCATALOG_COMPILER_APPICON_NAME = AppIcon;
				CODE_SIGN_STYLE = Automatic;
				INFOPLIST_FILE = LettuceRoast/Info.plist;
				LD_RUNPATH_SEARCH_PATHS = (
					"$(inherited)",
					"@executable_path/Frameworks",
				);
				PRODUCT_BUNDLE_IDENTIFIER = poopstiltskin.LettuceRoast;
				PRODUCT_NAME = "$(TARGET_NAME)";
				SWIFT_VERSION = 4.2;
				TARGETED_DEVICE_FAMILY = "1,2";
			};
			name = Release;
		};
/* End XCBuildConfiguration section */

/* Begin XCConfigurationList section */
		3FD321FF21C6DB82006FE13C /* Build configuration list for PBXProject "LettuceRoast" */ = {
			isa = XCConfigurationList;
			buildConfigurations = (
				3FD3221421C6DB84006FE13C /* Debug */,
				3FD3221521C6DB84006FE13C /* Release */,
			);
			defaultConfigurationIsVisible = 0;
			defaultConfigurationName = Release;
		};
		3FD3221621C6DB84006FE13C /* Build configuration list for PBXNativeTarget "LettuceRoast" */ = {
			isa = XCConfigurationList;
			buildConfigurations = (
				3FD3221721C6DB84006FE13C /* Debug */,
				3FD3221821C6DB84006FE13C /* Release */,
			);
			defaultConfigurationIsVisible = 0;
			defaultConfigurationName = Release;
		};
/* End XCConfigurationList section */
	};
	rootObject = 3FD321FC21C6DB82006FE13C /* Project object */;
}
